{
  "name": "ReactModernWithTS",
  "lockfileVersion": 3,
  "requires": true,
  "packages": {
    "": {
      "dependencies": {
        "@types/chance": "^1.1.4",
        "@types/luxon": "^3.3.2",
        "chance": "^1.1.11",
        "luxon": "^3.4.3"
      }
    },
    "node_modules/@types/chance": {
      "version": "1.1.4",
      "resolved": "https://registry.npmjs.org/@types/chance/-/chance-1.1.4.tgz",
      "integrity": "sha512-et3alUWI9jEPnGai+QRCyDdRMYS+atq32IaldWURyxPRZBYg+cSwppxK2UHnDv9X/0pdoxR3Ufbz5hRmjD/uNg=="
    },
    "node_modules/@types/luxon": {
      "version": "3.3.2",
      "resolved": "https://registry.npmjs.org/@types/luxon/-/luxon-3.3.2.tgz",
      "integrity": "sha512-l5cpE57br4BIjK+9BSkFBOsWtwv6J9bJpC7gdXIzZyI0vuKvNTk0wZZrkQxMGsUAuGW9+WMNWF2IJMD7br2yeQ=="
    },
    "node_modules/chance": {
      "version": "1.1.11",
      "resolved": "https://registry.npmjs.org/chance/-/chance-1.1.11.tgz",
      "integrity": "sha512-kqTg3WWywappJPqtgrdvbA380VoXO2eu9VCV895JgbyHsaErXdyHK9LOZ911OvAk6L0obK7kDk9CGs8+oBawVA=="
    },
    "node_modules/luxon": {
      "version": "3.4.3",
      "resolved": "https://registry.npmjs.org/luxon/-/luxon-3.4.3.tgz",
      "integrity": "sha512-tFWBiv3h7z+T/tDaoxA8rqTxy1CHV6gHS//QdaH4pulbq/JuBSGgQspQQqcgnwdAx6pNI7cmvz5Sv/addzHmUg==",
      "engines": {
        "node": ">=12"
      }
    }
  }
}
